
Microsoft Visual Studio Solution File, Format Version 12.00
# Visual Studio Version 17
VisualStudioVersion = 17.8.34330.188
MinimumVisualStudioVersion = 10.0.40219.1
Project("{FAE04EC0-301F-11D3-BF4B-00C04F79EFBC}") = "ASPNETCORE8", "ASPNETCORE8\ASPNETCORE8.csproj", "{53578450-8ED2-4817-B601-AFD3BBE9BD2B}"
EndProject
Global
	GlobalSection(SolutionConfigurationPlatforms) = preSolution
		Debug|Any CPU = Debug|Any CPU
		Release|Any CPU = Release|Any CPU
	EndGlobalSection
	GlobalSection(ProjectConfigurationPlatforms) = postSolution
		{53578450-8ED2-4817-B601-AFD3BBE9BD2B}.Debug|Any CPU.ActiveCfg = Debug|Any CPU
		{53578450-8ED2-4817-B601-AFD3BBE9BD2B}.Debug|Any CPU.Build.0 = Debug|Any CPU
		{53578450-8ED2-4817-B601-AFD3BBE9BD2B}.Release|Any CPU.ActiveCfg = Release|Any CPU
		{53578450-8ED2-4817-B601-AFD3BBE9BD2B}.Release|Any CPU.Build.0 = Release|Any CPU
	EndGlobalSection
	GlobalSection(SolutionProperties) = preSolution
		HideSolutionNode = FALSE
	EndGlobalSection
	GlobalSection(ExtensibilityGlobals) = postSolution
		SolutionGuid = {44804644-D3A2-4CC9-A856-09085665E8C9}
	EndGlobalSection
EndGlobal
